
Microsoft Visual Studio Solution File, Format Version 12.00
# Visual Studio Version 17
VisualStudioVersion = 17.7.34031.279
MinimumVisualStudioVersion = 10.0.40219.1
Project("{FAE04EC0-301F-11D3-BF4B-00C04F79EFBC}") = "YouTube", "YouTube\YouTube.csproj", "{CBDDB2E3-E8A5-405C-988C-4289433D989C}"
EndProject
Global
	GlobalSection(SolutionConfigurationPlatforms) = preSolution
		Debug|Any CPU = Debug|Any CPU
		Release|Any CPU = Release|Any CPU
	EndGlobalSection
	GlobalSection(ProjectConfigurationPlatforms) = postSolution
		{CBDDB2E3-E8A5-405C-988C-4289433D989C}.Debug|Any CPU.ActiveCfg = Debug|Any CPU
		{CBDDB2E3-E8A5-405C-988C-4289433D989C}.Debug|Any CPU.Build.0 = Debug|Any CPU
		{CBDDB2E3-E8A5-405C-988C-4289433D989C}.Release|Any CPU.ActiveCfg = Release|Any CPU
		{CBDDB2E3-E8A5-405C-988C-4289433D989C}.Release|Any CPU.Build.0 = Release|Any CPU
	EndGlobalSection
	GlobalSection(SolutionProperties) = preSolution
		HideSolutionNode = FALSE
	EndGlobalSection
	GlobalSection(ExtensibilityGlobals) = postSolution
		SolutionGuid = {2675816E-3452-4DD3-A966-60EF7C401EE5}
	EndGlobalSection
EndGlobal
